Microsoft Visual Studio Solution File, Format Version 12.00
# Visual Studio Version 17
VisualStudioVersion = 17.8.34330.188
MinimumVisualStudioVersion = 10.0.40219.1
Project("{FAE04EC0-301F-11D3-BF4B-00C04F79EFBC}") = "ST.EplAddin.LastTerminalStrip", "ST.EplAddins.LastTerminalStrip\ST.EplAddin.LastTerminalStrip.csproj", "{FD5AFDE8-BBA2-4185-BDD5-1849E90FF5F9}"
EndProject
Project("{FAE04EC0-301F-11D3-BF4B-00C04F79EFBC}") = "ST.EplAddin.ConnectionNumeration", "ST.EplAddin.ConnectionNumeration\ST.EplAddin.ConnectionNumeration.csproj", "{F8B7E7F3-87CF-4CF6-AF30-96663D7F71F4}"
EndProject
Project("{FAE04EC0-301F-11D3-BF4B-00C04F79EFBC}") = "ST.EplAddin.SymbolVariants", "ST.EplAddins.SymbolVariants\ST.EplAddin.SymbolVariants.csproj", "{12B286E5-29AC-4F40-92F7-50095CDC94B8}"
EndProject
Project("{FAE04EC0-301F-11D3-BF4B-00C04F79EFBC}") = "ST.Epl.Addin.SyncPage", "ST.Epl.Addin.SyncPage\ST.Epl.Addin.SyncPage.csproj", "{B2D45B39-91D5-429A-843C-25F5BB722897}"
EndProject
Project("{FAE04EC0-301F-11D3-BF4B-00C04F79EFBC}") = "ST.EplAddin.PlcEdit", "ST.EplAddin.PlcEdit\ST.EplAddin.PlcEdit.csproj", "{51B5AF45-C4BD-4AF1-ACD6-A1F363E3BC4D}"
EndProject
Project("{FAE04EC0-301F-11D3-BF4B-00C04F79EFBC}") = "ST.EplAddin.Images", "ST.EplAddin.Images\ST.EplAddin.Images.csproj", "{9582AFFD-3352-4DE5-AEFD-5899823DCB31}"
EndProject
Project("{FAE04EC0-301F-11D3-BF4B-00C04F79EFBC}") = "EplAddin.Comments", "EplAddin.Comments\EplAddin.Comments.csproj", "{E4B40616-CE92-4BFF-8A67-74CA0344DF39}"
EndProject
Project("{FAE04EC0-301F-11D3-BF4B-00C04F79EFBC}") = "EplAddin.Footnote", "EplAddin.Footnote\EplAddin.Footnote.csproj", "{70B12156-B3AB-4FB5-B0B1-10374C3D362E}"
EndProject
Project("{FAE04EC0-301F-11D3-BF4B-00C04F79EFBC}") = "UnitTestProject12", "UnitTestProject12\UnitTestProject12.csproj", "{DDF676B7-0D92-4B14-9CDC-5C6EDBA39A80}"
EndProject
Project("{FAE04EC0-301F-11D3-BF4B-00C04F79EFBC}") = "EplAddin.ClipboardHelper", "EplAddin.ClipboardHelper\EplAddin.ClipboardHelper.csproj", "{6D664C93-C282-434D-919F-3D40794D8DC6}"
EndProject
Project("{FAE04EC0-301F-11D3-BF4B-00C04F79EFBC}") = "ST.EplAddin.FootNote", "ST.EplAddin.FootNote\ST.EplAddin.FootNote.csproj", "{39490899-7EE2-44E3-BAFF-A2640D3FD7B9}"
EndProject
Global
	GlobalSection(SolutionConfigurationPlatforms) = preSolution
		Debug|Any CPU = Debug|Any CPU
		Debug|x64 = Debug|x64
		Release|Any CPU = Release|Any CPU
		Release|x64 = Release|x64
	EndGlobalSection
	GlobalSection(ProjectConfigurationPlatforms) = postSolution
		{FD5AFDE8-BBA2-4185-BDD5-1849E90FF5F9}.Debug|Any CPU.ActiveCfg = Debug|Any CPU
		{FD5AFDE8-BBA2-4185-BDD5-1849E90FF5F9}.Debug|Any CPU.Build.0 = Debug|Any CPU
		{FD5AFDE8-BBA2-4185-BDD5-1849E90FF5F9}.Debug|x64.ActiveCfg = Debug|x64
		{FD5AFDE8-BBA2-4185-BDD5-1849E90FF5F9}.Debug|x64.Build.0 = Debug|x64
		{FD5AFDE8-BBA2-4185-BDD5-1849E90FF5F9}.Release|Any CPU.ActiveCfg = Release|Any CPU
		{FD5AFDE8-BBA2-4185-BDD5-1849E90FF5F9}.Release|Any CPU.Build.0 = Release|Any CPU
		{FD5AFDE8-BBA2-4185-BDD5-1849E90FF5F9}.Release|x64.ActiveCfg = Release|x64
		{FD5AFDE8-BBA2-4185-BDD5-1849E90FF5F9}.Release|x64.Build.0 = Release|x64
		{F8B7E7F3-87CF-4CF6-AF30-96663D7F71F4}.Debug|Any CPU.ActiveCfg = Debug|Any CPU
		{F8B7E7F3-87CF-4CF6-AF30-96663D7F71F4}.Debug|Any CPU.Build.0 = Debug|Any CPU
		{F8B7E7F3-87CF-4CF6-AF30-96663D7F71F4}.Debug|x64.ActiveCfg = Debug|x64
		{F8B7E7F3-87CF-4CF6-AF30-96663D7F71F4}.Release|Any CPU.ActiveCfg = Release|Any CPU
		{F8B7E7F3-87CF-4CF6-AF30-96663D7F71F4}.Release|Any CPU.Build.0 = Release|Any CPU
		{F8B7E7F3-87CF-4CF6-AF30-96663D7F71F4}.Release|x64.ActiveCfg = Release|x64
		{F8B7E7F3-87CF-4CF6-AF30-96663D7F71F4}.Release|x64.Build.0 = Release|x64
		{12B286E5-29AC-4F40-92F7-50095CDC94B8}.Debug|Any CPU.ActiveCfg = Debug|Any CPU
		{12B286E5-29AC-4F40-92F7-50095CDC94B8}.Debug|Any CPU.Build.0 = Debug|Any CPU
		{12B286E5-29AC-4F40-92F7-50095CDC94B8}.Debug|x64.ActiveCfg = Debug|x64
		{12B286E5-29AC-4F40-92F7-50095CDC94B8}.Debug|x64.Build.0 = Debug|x64
		{12B286E5-29AC-4F40-92F7-50095CDC94B8}.Release|Any CPU.ActiveCfg = Release|Any CPU
		{12B286E5-29AC-4F40-92F7-50095CDC94B8}.Release|Any CPU.Build.0 = Release|Any CPU
		{12B286E5-29AC-4F40-92F7-50095CDC94B8}.Release|x64.ActiveCfg = Release|x64
		{12B286E5-29AC-4F40-92F7-50095CDC94B8}.Release|x64.Build.0 = Release|x64
		{B2D45B39-91D5-429A-843C-25F5BB722897}.Debug|Any CPU.ActiveCfg = Debug|Any CPU
		{B2D45B39-91D5-429A-843C-25F5BB722897}.Debug|Any CPU.Build.0 = Debug|Any CPU
		{B2D45B39-91D5-429A-843C-25F5BB722897}.Debug|x64.ActiveCfg = Debug|Any CPU
		{B2D45B39-91D5-429A-843C-25F5BB722897}.Debug|x64.Build.0 = Debug|Any CPU
		{B2D45B39-91D5-429A-843C-25F5BB722897}.Release|Any CPU.ActiveCfg = Release|Any CPU
		{B2D45B39-91D5-429A-843C-25F5BB722897}.Release|Any CPU.Build.0 = Release|Any CPU
		{B2D45B39-91D5-429A-843C-25F5BB722897}.Release|x64.ActiveCfg = Release|Any CPU
		{B2D45B39-91D5-429A-843C-25F5BB722897}.Release|x64.Build.0 = Release|Any CPU
		{51B5AF45-C4BD-4AF1-ACD6-A1F363E3BC4D}.Debug|Any CPU.ActiveCfg = Debug|Any CPU
		{51B5AF45-C4BD-4AF1-ACD6-A1F363E3BC4D}.Debug|Any CPU.Build.0 = Debug|Any CPU
		{51B5AF45-C4BD-4AF1-ACD6-A1F363E3BC4D}.Debug|x64.ActiveCfg = Debug|x64
		{51B5AF45-C4BD-4AF1-ACD6-A1F363E3BC4D}.Debug|x64.Build.0 = Debug|x64
		{51B5AF45-C4BD-4AF1-ACD6-A1F363E3BC4D}.Release|Any CPU.ActiveCfg = Release|Any CPU
		{51B5AF45-C4BD-4AF1-ACD6-A1F363E3BC4D}.Release|Any CPU.Build.0 = Release|Any CPU
		{51B5AF45-C4BD-4AF1-ACD6-A1F363E3BC4D}.Release|x64.ActiveCfg = Release|x64
		{51B5AF45-C4BD-4AF1-ACD6-A1F363E3BC4D}.Release|x64.Build.0 = Release|x64
		{9582AFFD-3352-4DE5-AEFD-5899823DCB31}.Debug|Any CPU.ActiveCfg = Debug|Any CPU
		{9582AFFD-3352-4DE5-AEFD-5899823DCB31}.Debug|Any CPU.Build.0 = Debug|Any CPU
		{9582AFFD-3352-4DE5-AEFD-5899823DCB31}.Debug|x64.ActiveCfg = Debug|x64
		{9582AFFD-3352-4DE5-AEFD-5899823DCB31}.Debug|x64.Build.0 = Debug|x64
		{9582AFFD-3352-4DE5-AEFD-5899823DCB31}.Release|Any CPU.ActiveCfg = Release|Any CPU
		{9582AFFD-3352-4DE5-AEFD-5899823DCB31}.Release|Any CPU.Build.0 = Release|Any CPU
		{9582AFFD-3352-4DE5-AEFD-5899823DCB31}.Release|x64.ActiveCfg = Release|x64
		{9582AFFD-3352-4DE5-AEFD-5899823DCB31}.Release|x64.Build.0 = Release|x64
		{E4B40616-CE92-4BFF-8A67-74CA0344DF39}.Debug|Any CPU.ActiveCfg = Debug|Any CPU
		{E4B40616-CE92-4BFF-8A67-74CA0344DF39}.Debug|Any CPU.Build.0 = Debug|Any CPU
		{E4B40616-CE92-4BFF-8A67-74CA0344DF39}.Debug|x64.ActiveCfg = Debug|Any CPU
		{E4B40616-CE92-4BFF-8A67-74CA0344DF39}.Debug|x64.Build.0 = Debug|Any CPU
		{E4B40616-CE92-4BFF-8A67-74CA0344DF39}.Release|Any CPU.ActiveCfg = Release|Any CPU
		{E4B40616-CE92-4BFF-8A67-74CA0344DF39}.Release|Any CPU.Build.0 = Release|Any CPU
		{E4B40616-CE92-4BFF-8A67-74CA0344DF39}.Release|x64.ActiveCfg = Release|Any CPU
		{E4B40616-CE92-4BFF-8A67-74CA0344DF39}.Release|x64.Build.0 = Release|Any CPU
		{70B12156-B3AB-4FB5-B0B1-10374C3D362E}.Debug|Any CPU.ActiveCfg = Debug|Any CPU
		{70B12156-B3AB-4FB5-B0B1-10374C3D362E}.Debug|Any CPU.Build.0 = Debug|Any CPU
		{70B12156-B3AB-4FB5-B0B1-10374C3D362E}.Debug|x64.ActiveCfg = Debug|Any CPU
		{70B12156-B3AB-4FB5-B0B1-10374C3D362E}.Debug|x64.Build.0 = Debug|Any CPU
		{70B12156-B3AB-4FB5-B0B1-10374C3D362E}.Release|Any CPU.ActiveCfg = Release|Any CPU
		{70B12156-B3AB-4FB5-B0B1-10374C3D362E}.Release|Any CPU.Build.0 = Release|Any CPU
		{70B12156-B3AB-4FB5-B0B1-10374C3D362E}.Release|x64.ActiveCfg = Release|Any CPU
		{70B12156-B3AB-4FB5-B0B1-10374C3D362E}.Release|x64.Build.0 = Release|Any CPU
		{DDF676B7-0D92-4B14-9CDC-5C6EDBA39A80}.Debug|Any CPU.ActiveCfg = Debug|Any CPU
		{DDF676B7-0D92-4B14-9CDC-5C6EDBA39A80}.Debug|Any CPU.Build.0 = Debug|Any CPU
		{DDF676B7-0D92-4B14-9CDC-5C6EDBA39A80}.Debug|x64.ActiveCfg = Debug|Any CPU
		{DDF676B7-0D92-4B14-9CDC-5C6EDBA39A80}.Debug|x64.Build.0 = Debug|Any CPU
		{DDF676B7-0D92-4B14-9CDC-5C6EDBA39A80}.Release|Any CPU.ActiveCfg = Release|Any CPU
		{DDF676B7-0D92-4B14-9CDC-5C6EDBA39A80}.Release|Any CPU.Build.0 = Release|Any CPU
		{DDF676B7-0D92-4B14-9CDC-5C6EDBA39A80}.Release|x64.ActiveCfg = Release|Any CPU
		{DDF676B7-0D92-4B14-9CDC-5C6EDBA39A80}.Release|x64.Build.0 = Release|Any CPU
		{6D664C93-C282-434D-919F-3D40794D8DC6}.Debug|Any CPU.ActiveCfg = Debug|Any CPU
		{6D664C93-C282-434D-919F-3D40794D8DC6}.Debug|Any CPU.Build.0 = Debug|Any CPU
		{6D664C93-C282-434D-919F-3D40794D8DC6}.Debug|x64.ActiveCfg = Debug|Any CPU
		{6D664C93-C282-434D-919F-3D40794D8DC6}.Release|Any CPU.ActiveCfg = Release|Any CPU
		{6D664C93-C282-434D-919F-3D40794D8DC6}.Release|Any CPU.Build.0 = Release|Any CPU
		{6D664C93-C282-434D-919F-3D40794D8DC6}.Release|x64.ActiveCfg = Release|Any CPU
		{6D664C93-C282-434D-919F-3D40794D8DC6}.Release|x64.Build.0 = Release|Any CPU
		{39490899-7EE2-44E3-BAFF-A2640D3FD7B9}.Debug|Any CPU.ActiveCfg = Debug|Any CPU
		{39490899-7EE2-44E3-BAFF-A2640D3FD7B9}.Debug|Any CPU.Build.0 = Debug|Any CPU
		{39490899-7EE2-44E3-BAFF-A2640D3FD7B9}.Debug|x64.ActiveCfg = Debug|x64
		{39490899-7EE2-44E3-BAFF-A2640D3FD7B9}.Debug|x64.Build.0 = Debug|x64
		{39490899-7EE2-44E3-BAFF-A2640D3FD7B9}.Release|Any CPU.ActiveCfg = Release|Any CPU
		{39490899-7EE2-44E3-BAFF-A2640D3FD7B9}.Release|Any CPU.Build.0 = Release|Any CPU
		{39490899-7EE2-44E3-BAFF-A2640D3FD7B9}.Release|x64.ActiveCfg = Release|Any CPU
		{39490899-7EE2-44E3-BAFF-A2640D3FD7B9}.Release|x64.Build.0 = Release|Any CPU
	EndGlobalSection
	GlobalSection(SolutionProperties) = preSolution
		HideSolutionNode = FALSE
	EndGlobalSection
	GlobalSection(ExtensibilityGlobals) = postSolution
		SolutionGuid = {18E3DB0D-0F3E-4B25-A268-4EDF56F594A4}
	EndGlobalSection
EndGlobal
